// !$*UTF8*$!
{
	archiveVersion = 1;
	classes = {
	};
	objectVersion = 46;
	objects = {

/* Begin PBXBuildFile section */
		A72A35861494DEA600216F6B /* GFLevelName.m in Sources */ = {isa = PBXBuildFile; fileRef = A72A35851494DEA600216F6B /* GFLevelName.m */; };
		A7395317148BD55C009AA9BA /* GFLevelsViewController.m in Sources */ = {isa = PBXBuildFile; fileRef = A7395316148BD55C009AA9BA /* GFLevelsViewController.m */; };
		A764AEE2148BE91A00A18E09 /* GFGameViewController.m in Sources */ = {isa = PBXBuildFile; fileRef = A764AEE0148BE91A00A18E09 /* GFGameViewController.m */; };
		A764AEE3148BE91A00A18E09 /* GFGameViewController.xib in Resources */ = {isa = PBXBuildFile; fileRef = A764AEE1148BE91A00A18E09 /* GFGameViewController.xib */; };
		A76664D1147847B5002A4159 /* Tutorial.greenlevel in Resources */ = {isa = PBXBuildFile; fileRef = A76664CF147847B5002A4159 /* Tutorial.greenlevel */; };
		A76664D314784E3D002A4159 /* Puzzle.greenlevel in Resources */ = {isa = PBXBuildFile; fileRef = A76664D214784E3D002A4159 /* Puzzle.greenlevel */; };
		A76FCE58148C198B00B6B2A1 /* GLKit.framework in Frameworks */ = {isa = PBXBuildFile; fileRef = A76FCE57148C198B00B6B2A1 /* GLKit.framework */; };
		A774F3F1147AE99A00C6D8CD /* W_01.png in Resources */ = {isa = PBXBuildFile; fileRef = A774F3EB147AE99A00C6D8CD /* W_01.png */; };
		A774F3F2147AE99A00C6D8CD /* W_02.png in Resources */ = {isa = PBXBuildFile; fileRef = A774F3EC147AE99A00C6D8CD /* W_02.png */; };
		A774F3F3147AE99A00C6D8CD /* W_03.png in Resources */ = {isa = PBXBuildFile; fileRef = A774F3ED147AE99A00C6D8CD /* W_03.png */; };
		A774F3F4147AE99A00C6D8CD /* W_04.png in Resources */ = {isa = PBXBuildFile; fileRef = A774F3EE147AE99A00C6D8CD /* W_04.png */; };
		A774F3F5147AE99A00C6D8CD /* WJ_01.png in Resources */ = {isa = PBXBuildFile; fileRef = A774F3EF147AE99A00C6D8CD /* WJ_01.png */; };
		A774F3F6147AE99A00C6D8CD /* WJ_02.png in Resources */ = {isa = PBXBuildFile; fileRef = A774F3F0147AE99A00C6D8CD /* WJ_02.png */; };
		A774F404147B0B1F00C6D8CD /* Jump.greenlevel in Resources */ = {isa = PBXBuildFile; fileRef = A774F403147B0B1F00C6D8CD /* Jump.greenlevel */; };
		A78808CA148D7B970034951A /* GFWebLevelsViewController.m in Sources */ = {isa = PBXBuildFile; fileRef = A78808C9148D7B970034951A /* GFWebLevelsViewController.m */; };
		A7ACD61614A284FF002739C3 /* WD_01.png in Resources */ = {isa = PBXBuildFile; fileRef = A7ACD61314A284FF002739C3 /* WD_01.png */; };
		A7ACD61714A284FF002739C3 /* WD_02.png in Resources */ = {isa = PBXBuildFile; fileRef = A7ACD61414A284FF002739C3 /* WD_02.png */; };
		A7ACD61814A284FF002739C3 /* WD_03.png in Resources */ = {isa = PBXBuildFile; fileRef = A7ACD61514A284FF002739C3 /* WD_03.png */; };
		A7C2839114A637340049FCAD /* T_01.png in Resources */ = {isa = PBXBuildFile; fileRef = A7C2838D14A637340049FCAD /* T_01.png */; };
		A7C2839214A637340049FCAD /* T_02.png in Resources */ = {isa = PBXBuildFile; fileRef = A7C2838E14A637340049FCAD /* T_02.png */; };
		A7C2839314A637340049FCAD /* T_03.png in Resources */ = {isa = PBXBuildFile; fileRef = A7C2838F14A637340049FCAD /* T_03.png */; };
		A7C2839A14A637A00049FCAD /* GFTurret.m in Sources */ = {isa = PBXBuildFile; fileRef = A7C2839914A637A00049FCAD /* GFTurret.m */; };
		A7C2839C14A651970049FCAD /* green.png in Resources */ = {isa = PBXBuildFile; fileRef = A7C2839B14A651970049FCAD /* green.png */; };
		A7D35F5F14937DE20087A7E7 /* GFSoldier.m in Sources */ = {isa = PBXBuildFile; fileRef = A7D35F5E14937DE20087A7E7 /* GFSoldier.m */; };
		A7D5A8111493CB2C006D7BEB /* D_01.png in Resources */ = {isa = PBXBuildFile; fileRef = A7D5A80B1493CB2C006D7BEB /* D_01.png */; };
		A7D5A8121493CB2C006D7BEB /* D_02.png in Resources */ = {isa = PBXBuildFile; fileRef = A7D5A80C1493CB2C006D7BEB /* D_02.png */; };
		A7D5A8131493CB2C006D7BEB /* D_03.png in Resources */ = {isa = PBXBuildFile; fileRef = A7D5A80D1493CB2C006D7BEB /* D_03.png */; };
		A7D5A8141493CB2C006D7BEB /* D_04.png in Resources */ = {isa = PBXBuildFile; fileRef = A7D5A80E1493CB2C006D7BEB /* D_04.png */; };
		A7D5A8151493CB2C006D7BEB /* DH_01.png in Resources */ = {isa = PBXBuildFile; fileRef = A7D5A80F1493CB2C006D7BEB /* DH_01.png */; };
		A7D5A8161493CB2C006D7BEB /* DH_02.png in Resources */ = {isa = PBXBuildFile; fileRef = A7D5A8101493CB2C006D7BEB /* DH_02.png */; };
		A7D97D09149E1A180011A868 /* Soldiers.greenlevel in Resources */ = {isa = PBXBuildFile; fileRef = A7D97D08149E1A180011A868 /* Soldiers.greenlevel */; };
		A7D97D0F149E1A500011A868 /* DD_01.png in Resources */ = {isa = PBXBuildFile; fileRef = A7D97D0B149E1A500011A868 /* DD_01.png */; };
		A7D97D10149E1A500011A868 /* DD_02.png in Resources */ = {isa = PBXBuildFile; fileRef = A7D97D0C149E1A500011A868 /* DD_02.png */; };
		A7D97D11149E1A500011A868 /* DD_03.png in Resources */ = {isa = PBXBuildFile; fileRef = A7D97D0D149E1A500011A868 /* DD_03.png */; };
		A7D97D12149E1A500011A868 /* DH_03.png in Resources */ = {isa = PBXBuildFile; fileRef = A7D97D0E149E1A500011A868 /* DH_03.png */; };
		A7E6E61A1477FBF50037750E /* UIKit.framework in Frameworks */ = {isa = PBXBuildFile; fileRef = A7E6E6191477FBF50037750E /* UIKit.framework */; };
		A7E6E61C1477FBF50037750E /* Foundation.framework in Frameworks */ = {isa = PBXBuildFile; fileRef = A7E6E61B1477FBF50037750E /* Foundation.framework */; };
		A7E6E61E1477FBF50037750E /* CoreGraphics.framework in Frameworks */ = {isa = PBXBuildFile; fileRef = A7E6E61D1477FBF50037750E /* CoreGraphics.framework */; };
		A7E6E6221477FBF50037750E /* OpenGLES.framework in Frameworks */ = {isa = PBXBuildFile; fileRef = A7E6E6211477FBF50037750E /* OpenGLES.framework */; };
		A7E6E6281477FBF50037750E /* InfoPlist.strings in Resources */ = {isa = PBXBuildFile; fileRef = A7E6E6261477FBF50037750E /* InfoPlist.strings */; };
		A7E6E62A1477FBF50037750E /* main.m in Sources */ = {isa = PBXBuildFile; fileRef = A7E6E6291477FBF50037750E /* main.m */; };
		A7E6E6431477FD620037750E /* IronJumpAppDelegate.m in Sources */ = {isa = PBXBuildFile; fileRef = A7E6E6411477FD620037750E /* IronJumpAppDelegate.m */; };
		A7E6E6791477FD900037750E /* FPDiamond.m in Sources */ = {isa = PBXBuildFile; fileRef = A7E6E6471477FD8F0037750E /* FPDiamond.m */; };
		A7E6E67A1477FD900037750E /* FPElevator.m in Sources */ = {isa = PBXBuildFile; fileRef = A7E6E6491477FD8F0037750E /* FPElevator.m */; };
		A7E6E67B1477FD900037750E /* FPExit.m in Sources */ = {isa = PBXBuildFile; fileRef = A7E6E64B1477FD8F0037750E /* FPExit.m */; };
		A7E6E67D1477FD900037750E /* FPFont.m in Sources */ = {isa = PBXBuildFile; fileRef = A7E6E64F1477FD8F0037750E /* FPFont.m */; };
		A7E6E67E1477FD900037750E /* FPGame.m in Sources */ = {isa = PBXBuildFile; fileRef = A7E6E6511477FD8F0037750E /* FPGame.m */; };
		A7E6E67F1477FD900037750E /* FPGameAtlas.m in Sources */ = {isa = PBXBuildFile; fileRef = A7E6E6531477FD8F0037750E /* FPGameAtlas.m */; };
		A7E6E6811477FD900037750E /* FPGraphics.m in Sources */ = {isa = PBXBuildFile; fileRef = A7E6E6581477FD8F0037750E /* FPGraphics.m */; };
		A7E6E6831477FD900037750E /* FPMagnet.m in Sources */ = {isa = PBXBuildFile; fileRef = A7E6E65C1477FD8F0037750E /* FPMagnet.m */; };
		A7E6E6841477FD900037750E /* FPMath.c in Sources */ = {isa = PBXBuildFile; fileRef = A7E6E65D1477FD8F0037750E /* FPMath.c */; };
		A7E6E6851477FD900037750E /* FPMovablePlatform.m in Sources */ = {isa = PBXBuildFile; fileRef = A7E6E6601477FD8F0037750E /* FPMovablePlatform.m */; };
		A7E6E6861477FD900037750E /* FPPlatform.m in Sources */ = {isa = PBXBuildFile; fileRef = A7E6E6621477FD8F0037750E /* FPPlatform.m */; };
		A7E6E6871477FD900037750E /* FPPlayer.m in Sources */ = {isa = PBXBuildFile; fileRef = A7E6E6641477FD8F0037750E /* FPPlayer.m */; };
		A7E6E6881477FD900037750E /* FPReplay.m in Sources */ = {isa = PBXBuildFile; fileRef = A7E6E6661477FD8F0037750E /* FPReplay.m */; };
		A7E6E6891477FD900037750E /* FPSpeedPowerUp.m in Sources */ = {isa = PBXBuildFile; fileRef = A7E6E6681477FD8F0037750E /* FPSpeedPowerUp.m */; };
		A7E6E68B1477FD900037750E /* FPTexture.m in Sources */ = {isa = PBXBuildFile; fileRef = A7E6E66C1477FD8F0037750E /* FPTexture.m */; };
		A7E6E68C1477FD900037750E /* FPTextureArray.m in Sources */ = {isa = PBXBuildFile; fileRef = A7E6E66E1477FD8F0037750E /* FPTextureArray.m */; };
		A7E6E68D1477FD900037750E /* FPTextureAtlas.m in Sources */ = {isa = PBXBuildFile; fileRef = A7E6E6701477FD8F0037750E /* FPTextureAtlas.m */; };
		A7E6E68E1477FD900037750E /* FPTrampoline.m in Sources */ = {isa = PBXBuildFile; fileRef = A7E6E6721477FD8F0037750E /* FPTrampoline.m */; };
		A7E6E68F1477FD900037750E /* FPXMLParser.m in Sources */ = {isa = PBXBuildFile; fileRef = A7E6E6741477FD8F0037750E /* FPXMLParser.m */; };
		A7E6E6901477FD900037750E /* FPXMLWriter.m in Sources */ = {isa = PBXBuildFile; fileRef = A7E6E6761477FD8F0037750E /* FPXMLWriter.m */; };
		A7E6E6A81477FFF50037750E /* MainWindow.xib in Resources */ = {isa = PBXBuildFile; fileRef = A7E6E6A61477FFF50037750E /* MainWindow.xib */; };
		A7E6E6AA1478063A0037750E /* QuartzCore.framework in Frameworks */ = {isa = PBXBuildFile; fileRef = A7E6E6A91478063A0037750E /* QuartzCore.framework */; };
		A7E6E6EE1478069D0037750E /* AndaleMono.png in Resources */ = {isa = PBXBuildFile; fileRef = A7E6E6E51478069D0037750E /* AndaleMono.png */; };
		A7E6E6EF1478069D0037750E /* arrow.png in Resources */ = {isa = PBXBuildFile; fileRef = A7E6E6E61478069D0037750E /* arrow.png */; };
		A7E6E6F01478069D0037750E /* Level_black.png in Resources */ = {isa = PBXBuildFile; fileRef = A7E6E6E71478069D0037750E /* Level_black.png */; };
		A7E6E6F11478069D0037750E /* Level_blue.png in Resources */ = {isa = PBXBuildFile; fileRef = A7E6E6E81478069D0037750E /* Level_blue.png */; };
		A7E6E6F21478069D0037750E /* Level_shine.png in Resources */ = {isa = PBXBuildFile; fileRef = A7E6E6E91478069D0037750E /* Level_shine.png */; };
		A7E6E6F31478069D0037750E /* levelatlas.png in Resources */ = {isa = PBXBuildFile; fileRef = A7E6E6EA1478069D0037750E /* levelatlas.png */; };
		A7E6E6F41478069D0037750E /* menu.png in Resources */ = {isa = PBXBuildFile; fileRef = A7E6E6EB1478069D0037750E /* menu.png */; };
		A7E6E6F51478069D0037750E /* play.png in Resources */ = {isa = PBXBuildFile; fileRef = A7E6E6EC1478069D0037750E /* play.png */; };
		A7E6E6F61478069D0037750E /* win.png in Resources */ = {isa = PBXBuildFile; fileRef = A7E6E6ED1478069D0037750E /* win.png */; };
		A7E6E71D147806D90037750E /* Default.png in Resources */ = {isa = PBXBuildFile; fileRef = A7E6E6F7147806D90037750E /* Default.png */; };
		A7E6E71E147806D90037750E /* Icon.png in Resources */ = {isa = PBXBuildFile; fileRef = A7E6E6F8147806D90037750E /* Icon.png */; };
/* End PBXBuildFile section */

/* Begin PBXFileReference section */
		A72A35841494DEA600216F6B /* GFLevelName.h */ = {isa = PBXFileReference; fileEncoding = 4; lastKnownFileType = sourcecode.c.h; path = GFLevelName.h; sourceTree = "<group>"; };
		A72A35851494DEA600216F6B /* GFLevelName.m */ = {isa = PBXFileReference; fileEncoding = 4; lastKnownFileType = sourcecode.c.objc; path = GFLevelName.m; sourceTree = "<group>"; };
		A7395315148BD55C009AA9BA /* GFLevelsViewController.h */ = {isa = PBXFileReference; fileEncoding = 4; lastKnownFileType = sourcecode.c.h; path = GFLevelsViewController.h; sourceTree = "<group>"; };
		A7395316148BD55C009AA9BA /* GFLevelsViewController.m */ = {isa = PBXFileReference; fileEncoding = 4; lastKnownFileType = sourcecode.c.objc; path = GFLevelsViewController.m; sourceTree = "<group>"; };
		A764AEDF148BE91A00A18E09 /* GFGameViewController.h */ = {isa = PBXFileReference; fileEncoding = 4; lastKnownFileType = sourcecode.c.h; path = GFGameViewController.h; sourceTree = "<group>"; };
		A764AEE0148BE91A00A18E09 /* GFGameViewController.m */ = {isa = PBXFileReference; fileEncoding = 4; lastKnownFileType = sourcecode.c.objc; path = GFGameViewController.m; sourceTree = "<group>"; };
		A764AEE1148BE91A00A18E09 /* GFGameViewController.xib */ = {isa = PBXFileReference; fileEncoding = 4; lastKnownFileType = file.xib; path = GFGameViewController.xib; sourceTree = "<group>"; };
		A76664CF147847B5002A4159 /* Tutorial.greenlevel */ = {isa = PBXFileReference; fileEncoding = 4; lastKnownFileType = text.xml; path = Tutorial.greenlevel; sourceTree = "<group>"; };
		A76664D214784E3D002A4159 /* Puzzle.greenlevel */ = {isa = PBXFileReference; fileEncoding = 4; lastKnownFileType = text.xml; path = Puzzle.greenlevel; sourceTree = "<group>"; };
		A76FCE57148C198B00B6B2A1 /* GLKit.framework */ = {isa = PBXFileReference; lastKnownFileType = wrapper.framework; name = GLKit.framework; path = System/Library/Frameworks/GLKit.framework; sourceTree = SDKROOT; };
		A774F3EB147AE99A00C6D8CD /* W_01.png */ = {isa = PBXFileReference; lastKnownFileType = image.png; name = W_01.png; path = ../../SharedImages/W_01.png; sourceTree = "<group>"; };
		A774F3EC147AE99A00C6D8CD /* W_02.png */ = {isa = PBXFileReference; lastKnownFileType = image.png; name = W_02.png; path = ../../SharedImages/W_02.png; sourceTree = "<group>"; };
		A774F3ED147AE99A00C6D8CD /* W_03.png */ = {isa = PBXFileReference; lastKnownFileType = image.png; name = W_03.png; path = ../../SharedImages/W_03.png; sourceTree = "<group>"; };
		A774F3EE147AE99A00C6D8CD /* W_04.png */ = {isa = PBXFileReference; lastKnownFileType = image.png; name = W_04.png; path = ../../SharedImages/W_04.png; sourceTree = "<group>"; };
		A774F3EF147AE99A00C6D8CD /* WJ_01.png */ = {isa = PBXFileReference; lastKnownFileType = image.png; name = WJ_01.png; path = ../../SharedImages/WJ_01.png; sourceTree = "<group>"; };
		A774F3F0147AE99A00C6D8CD /* WJ_02.png */ = {isa = PBXFileReference; lastKnownFileType = image.png; name = WJ_02.png; path = ../../SharedImages/WJ_02.png; sourceTree = "<group>"; };
		A774F403147B0B1F00C6D8CD /* Jump.greenlevel */ = {isa = PBXFileReference; fileEncoding = 4; lastKnownFileType = text.xml; path = Jump.greenlevel; sourceTree = "<group>"; };
		A78808C8148D7B970034951A /* GFWebLevelsViewController.h */ = {isa = PBXFileReference; fileEncoding = 4; lastKnownFileType = sourcecode.c.h; path = GFWebLevelsViewController.h; sourceTree = "<group>"; };
		A78808C9148D7B970034951A /* GFWebLevelsViewController.m */ = {isa = PBXFileReference; fileEncoding = 4; lastKnownFileType = sourcecode.c.objc; path = GFWebLevelsViewController.m; sourceTree = "<group>"; };
		A7ACD61314A284FF002739C3 /* WD_01.png */ = {isa = PBXFileReference; lastKnownFileType = image.png; name = WD_01.png; path = ../../SharedImages/WD_01.png; sourceTree = "<group>"; };
		A7ACD61414A284FF002739C3 /* WD_02.png */ = {isa = PBXFileReference; lastKnownFileType = image.png; name = WD_02.png; path = ../../SharedImages/WD_02.png; sourceTree = "<group>"; };
		A7ACD61514A284FF002739C3 /* WD_03.png */ = {isa = PBXFileReference; lastKnownFileType = image.png; name = WD_03.png; path = ../../SharedImages/WD_03.png; sourceTree = "<group>"; };
		A7C2838D14A637340049FCAD /* T_01.png */ = {isa = PBXFileReference; lastKnownFileType = image.png; name = T_01.png; path = ../../SharedImages/T_01.png; sourceTree = "<group>"; };
		A7C2838E14A637340049FCAD /* T_02.png */ = {isa = PBXFileReference; lastKnownFileType = image.png; name = T_02.png; path = ../../SharedImages/T_02.png; sourceTree = "<group>"; };
		A7C2838F14A637340049FCAD /* T_03.png */ = {isa = PBXFileReference; lastKnownFileType = image.png; name = T_03.png; path = ../../SharedImages/T_03.png; sourceTree = "<group>"; };
		A7C2839814A637A00049FCAD /* GFTurret.h */ = {isa = PBXFileReference; fileEncoding = 4; lastKnownFileType = sourcecode.c.h; name = GFTurret.h; path = ../../SharedClasses/GFTurret.h; sourceTree = "<group>"; };
		A7C2839914A637A00049FCAD /* GFTurret.m */ = {isa = PBXFileReference; fileEncoding = 4; lastKnownFileType = sourcecode.c.objc; name = GFTurret.m; path = ../../SharedClasses/GFTurret.m; sourceTree = "<group>"; };
		A7C2839B14A651970049FCAD /* green.png */ = {isa = PBXFileReference; lastKnownFileType = image.png; name = green.png; path = ../../SharedImages/green.png; sourceTree = "<group>"; };
		A7D35F5D14937DE20087A7E7 /* GFSoldier.h */ = {isa = PBXFileReference; fileEncoding = 4; lastKnownFileType = sourcecode.c.h; name = GFSoldier.h; path = ../../SharedClasses/GFSoldier.h; sourceTree = "<group>"; };
		A7D35F5E14937DE20087A7E7 /* GFSoldier.m */ = {isa = PBXFileReference; fileEncoding = 4; lastKnownFileType = sourcecode.c.objc; name = GFSoldier.m; path = ../../SharedClasses/GFSoldier.m; sourceTree = "<group>"; };
		A7D5A80B1493CB2C006D7BEB /* D_01.png */ = {isa = PBXFileReference; lastKnownFileType = image.png; name = D_01.png; path = ../../SharedImages/D_01.png; sourceTree = "<group>"; };
		A7D5A80C1493CB2C006D7BEB /* D_02.png */ = {isa = PBXFileReference; lastKnownFileType = image.png; name = D_02.png; path = ../../SharedImages/D_02.png; sourceTree = "<group>"; };
		A7D5A80D1493CB2C006D7BEB /* D_03.png */ = {isa = PBXFileReference; lastKnownFileType = image.png; name = D_03.png; path = ../../SharedImages/D_03.png; sourceTree = "<group>"; };
		A7D5A80E1493CB2C006D7BEB /* D_04.png */ = {isa = PBXFileReference; lastKnownFileType = image.png; name = D_04.png; path = ../../SharedImages/D_04.png; sourceTree = "<group>"; };
		A7D5A80F1493CB2C006D7BEB /* DH_01.png */ = {isa = PBXFileReference; lastKnownFileType = image.png; name = DH_01.png; path = ../../SharedImages/DH_01.png; sourceTree = "<group>"; };
		A7D5A8101493CB2C006D7BEB /* DH_02.png */ = {isa = PBXFileReference; lastKnownFileType = image.png; name = DH_02.png; path = ../../SharedImages/DH_02.png; sourceTree = "<group>"; };
		A7D97D08149E1A180011A868 /* Soldiers.greenlevel */ = {isa = PBXFileReference; fileEncoding = 4; lastKnownFileType = text.xml; path = Soldiers.greenlevel; sourceTree = "<group>"; };
		A7D97D0B149E1A500011A868 /* DD_01.png */ = {isa = PBXFileReference; lastKnownFileType = image.png; name = DD_01.png; path = ../../SharedImages/DD_01.png; sourceTree = "<group>"; };
		A7D97D0C149E1A500011A868 /* DD_02.png */ = {isa = PBXFileReference; lastKnownFileType = image.png; name = DD_02.png; path = ../../SharedImages/DD_02.png; sourceTree = "<group>"; };
		A7D97D0D149E1A500011A868 /* DD_03.png */ = {isa = PBXFileReference; lastKnownFileType = image.png; name = DD_03.png; path = ../../SharedImages/DD_03.png; sourceTree = "<group>"; };
		A7D97D0E149E1A500011A868 /* DH_03.png */ = {isa = PBXFileReference; lastKnownFileType = image.png; name = DH_03.png; path = ../../SharedImages/DH_03.png; sourceTree = "<group>"; };
		A7E6E6151477FBF50037750E /* GreenFace.app */ = {isa = PBXFileReference; explicitFileType = wrapper.application; includeInIndex = 0; path = GreenFace.app; sourceTree = BUILT_PRODUCTS_DIR; };
		A7E6E6191477FBF50037750E /* UIKit.framework */ = {isa = PBXFileReference; lastKnownFileType = wrapper.framework; name = UIKit.framework; path = System/Library/Frameworks/UIKit.framework; sourceTree = SDKROOT; };
		A7E6E61B1477FBF50037750E /* Foundation.framework */ = {isa = PBXFileReference; lastKnownFileType = wrapper.framework; name = Foundation.framework; path = System/Library/Frameworks/Foundation.framework; sourceTree = SDKROOT; };
		A7E6E61D1477FBF50037750E /* CoreGraphics.framework */ = {isa = PBXFileReference; lastKnownFileType = wrapper.framework; name = CoreGraphics.framework; path = System/Library/Frameworks/CoreGraphics.framework; sourceTree = SDKROOT; };
		A7E6E6211477FBF50037750E /* OpenGLES.framework */ = {isa = PBXFileReference; lastKnownFileType = wrapper.framework; name = OpenGLES.framework; path = System/Library/Frameworks/OpenGLES.framework; sourceTree = SDKROOT; };
		A7E6E6251477FBF50037750E /* GreenFace-Info.plist */ = {isa = PBXFileReference; lastKnownFileType = text.plist.xml; path = "GreenFace-Info.plist"; sourceTree = "<group>"; };
		A7E6E6271477FBF50037750E /* en */ = {isa = PBXFileReference; lastKnownFileType = text.plist.strings; name = en; path = en.lproj/InfoPlist.strings; sourceTree = "<group>"; };
		A7E6E6291477FBF50037750E /* main.m */ = {isa = PBXFileReference; lastKnownFileType = sourcecode.c.objc; path = main.m; sourceTree = "<group>"; };
		A7E6E62B1477FBF50037750E /* GreenFace-Prefix.pch */ = {isa = PBXFileReference; lastKnownFileType = sourcecode.c.h; path = "GreenFace-Prefix.pch"; sourceTree = "<group>"; };
		A7E6E6401477FD620037750E /* IronJumpAppDelegate.h */ = {isa = PBXFileReference; fileEncoding = 4; lastKnownFileType = sourcecode.c.h; path = IronJumpAppDelegate.h; sourceTree = "<group>"; };
		A7E6E6411477FD620037750E /* IronJumpAppDelegate.m */ = {isa = PBXFileReference; fileEncoding = 4; lastKnownFileType = sourcecode.c.objc; path = IronJumpAppDelegate.m; sourceTree = "<group>"; };
		A7E6E6461477FD8F0037750E /* FPDiamond.h */ = {isa = PBXFileReference; fileEncoding = 4; lastKnownFileType = sourcecode.c.h; name = FPDiamond.h; path = ../../SharedClasses/FPDiamond.h; sourceTree = "<group>"; };
		A7E6E6471477FD8F0037750E /* FPDiamond.m */ = {isa = PBXFileReference; fileEncoding = 4; lastKnownFileType = sourcecode.c.objc; name = FPDiamond.m; path = ../../SharedClasses/FPDiamond.m; sourceTree = "<group>"; };
		A7E6E6481477FD8F0037750E /* FPElevator.h */ = {isa = PBXFileReference; fileEncoding = 4; lastKnownFileType = sourcecode.c.h; name = FPElevator.h; path = ../../SharedClasses/FPElevator.h; sourceTree = "<group>"; };
		A7E6E6491477FD8F0037750E /* FPElevator.m */ = {isa = PBXFileReference; fileEncoding = 4; lastKnownFileType = sourcecode.c.objc; name = FPElevator.m; path = ../../SharedClasses/FPElevator.m; sourceTree = "<group>"; };
		A7E6E64A1477FD8F0037750E /* FPExit.h */ = {isa = PBXFileReference; fileEncoding = 4; lastKnownFileType = sourcecode.c.h; name = FPExit.h; path = ../../SharedClasses/FPExit.h; sourceTree = "<group>"; };
		A7E6E64B1477FD8F0037750E /* FPExit.m */ = {isa = PBXFileReference; fileEncoding = 4; lastKnownFileType = sourcecode.c.objc; name = FPExit.m; path = ../../SharedClasses/FPExit.m; sourceTree = "<group>"; };
		A7E6E64E1477FD8F0037750E /* FPFont.h */ = {isa = PBXFileReference; fileEncoding = 4; lastKnownFileType = sourcecode.c.h; name = FPFont.h; path = ../../SharedClasses/FPFont.h; sourceTree = "<group>"; };
		A7E6E64F1477FD8F0037750E /* FPFont.m */ = {isa = PBXFileReference; fileEncoding = 4; lastKnownFileType = sourcecode.c.objc; name = FPFont.m; path = ../../SharedClasses/FPFont.m; sourceTree = "<group>"; };
		A7E6E6501477FD8F0037750E /* FPGame.h */ = {isa = PBXFileReference; fileEncoding = 4; lastKnownFileType = sourcecode.c.h; name = FPGame.h; path = ../../SharedClasses/FPGame.h; sourceTree = "<group>"; };
		A7E6E6511477FD8F0037750E /* FPGame.m */ = {isa = PBXFileReference; fileEncoding = 4; lastKnownFileType = sourcecode.c.objc; name = FPGame.m; path = ../../SharedClasses/FPGame.m; sourceTree = "<group>"; };
		A7E6E6521477FD8F0037750E /* FPGameAtlas.h */ = {isa = PBXFileReference; fileEncoding = 4; lastKnownFileType = sourcecode.c.h; name = FPGameAtlas.h; path = ../../SharedClasses/FPGameAtlas.h; sourceTree = "<group>"; };
		A7E6E6531477FD8F0037750E /* FPGameAtlas.m */ = {isa = PBXFileReference; fileEncoding = 4; lastKnownFileType = sourcecode.c.objc; name = FPGameAtlas.m; path = ../../SharedClasses/FPGameAtlas.m; sourceTree = "<group>"; };
		A7E6E6541477FD8F0037750E /* FPGameProtocols.h */ = {isa = PBXFileReference; fileEncoding = 4; lastKnownFileType = sourcecode.c.h; name = FPGameProtocols.h; path = ../../SharedClasses/FPGameProtocols.h; sourceTree = "<group>"; };
		A7E6E6571477FD8F0037750E /* FPGraphics.h */ = {isa = PBXFileReference; fileEncoding = 4; lastKnownFileType = sourcecode.c.h; name = FPGraphics.h; path = ../../SharedClasses/FPGraphics.h; sourceTree = "<group>"; };
		A7E6E6581477FD8F0037750E /* FPGraphics.m */ = {isa = PBXFileReference; fileEncoding = 4; lastKnownFileType = sourcecode.c.objc; name = FPGraphics.m; path = ../../SharedClasses/FPGraphics.m; sourceTree = "<group>"; };
		A7E6E65B1477FD8F0037750E /* FPMagnet.h */ = {isa = PBXFileReference; fileEncoding = 4; lastKnownFileType = sourcecode.c.h; name = FPMagnet.h; path = ../../SharedClasses/FPMagnet.h; sourceTree = "<group>"; };
		A7E6E65C1477FD8F0037750E /* FPMagnet.m */ = {isa = PBXFileReference; fileEncoding = 4; lastKnownFileType = sourcecode.c.objc; name = FPMagnet.m; path = ../../SharedClasses/FPMagnet.m; sourceTree = "<group>"; };
		A7E6E65D1477FD8F0037750E /* FPMath.c */ = {isa = PBXFileReference; fileEncoding = 4; lastKnownFileType = sourcecode.c.c; name = FPMath.c; path = ../../SharedClasses/FPMath.c; sourceTree = "<group>"; };
		A7E6E65E1477FD8F0037750E /* FPMath.h */ = {isa = PBXFileReference; fileEncoding = 4; lastKnownFileType = sourcecode.c.h; name = FPMath.h; path = ../../SharedClasses/FPMath.h; sourceTree = "<group>"; };
		A7E6E65F1477FD8F0037750E /* FPMovablePlatform.h */ = {isa = PBXFileReference; fileEncoding = 4; lastKnownFileType = sourcecode.c.h; name = FPMovablePlatform.h; path = ../../SharedClasses/FPMovablePlatform.h; sourceTree = "<group>"; };
		A7E6E6601477FD8F0037750E /* FPMovablePlatform.m */ = {isa = PBXFileReference; fileEncoding = 4; lastKnownFileType = sourcecode.c.objc; name = FPMovablePlatform.m; path = ../../SharedClasses/FPMovablePlatform.m; sourceTree = "<group>"; };
		A7E6E6611477FD8F0037750E /* FPPlatform.h */ = {isa = PBXFileReference; fileEncoding = 4; lastKnownFileType = sourcecode.c.h; name = FPPlatform.h; path = ../../SharedClasses/FPPlatform.h; sourceTree = "<group>"; };
		A7E6E6621477FD8F0037750E /* FPPlatform.m */ = {isa = PBXFileReference; fileEncoding = 4; lastKnownFileType = sourcecode.c.objc; name = FPPlatform.m; path = ../../SharedClasses/FPPlatform.m; sourceTree = "<group>"; };
		A7E6E6631477FD8F0037750E /* FPPlayer.h */ = {isa = PBXFileReference; fileEncoding = 4; lastKnownFileType = sourcecode.c.h; name = FPPlayer.h; path = ../../SharedClasses/FPPlayer.h; sourceTree = "<group>"; };
		A7E6E6641477FD8F0037750E /* FPPlayer.m */ = {isa = PBXFileReference; fileEncoding = 4; lastKnownFileType = sourcecode.c.objc; name = FPPlayer.m; path = ../../SharedClasses/FPPlayer.m; sourceTree = "<group>"; };
		A7E6E6651477FD8F0037750E /* FPReplay.h */ = {isa = PBXFileReference; fileEncoding = 4; lastKnownFileType = sourcecode.c.h; name = FPReplay.h; path = ../../SharedClasses/FPReplay.h; sourceTree = "<group>"; };
		A7E6E6661477FD8F0037750E /* FPReplay.m */ = {isa = PBXFileReference; fileEncoding = 4; lastKnownFileType = sourcecode.c.objc; name = FPReplay.m; path = ../../SharedClasses/FPReplay.m; sourceTree = "<group>"; };
		A7E6E6671477FD8F0037750E /* FPSpeedPowerUp.h */ = {isa = PBXFileReference; fileEncoding = 4; lastKnownFileType = sourcecode.c.h; name = FPSpeedPowerUp.h; path = ../../SharedClasses/FPSpeedPowerUp.h; sourceTree = "<group>"; };
		A7E6E6681477FD8F0037750E /* FPSpeedPowerUp.m */ = {isa = PBXFileReference; fileEncoding = 4; lastKnownFileType = sourcecode.c.objc; name = FPSpeedPowerUp.m; path = ../../SharedClasses/FPSpeedPowerUp.m; sourceTree = "<group>"; };
		A7E6E66B1477FD8F0037750E /* FPTexture.h */ = {isa = PBXFileReference; fileEncoding = 4; lastKnownFileType = sourcecode.c.h; name = FPTexture.h; path = ../../SharedClasses/FPTexture.h; sourceTree = "<group>"; };
		A7E6E66C1477FD8F0037750E /* FPTexture.m */ = {isa = PBXFileReference; fileEncoding = 4; lastKnownFileType = sourcecode.c.objc; name = FPTexture.m; path = ../../SharedClasses/FPTexture.m; sourceTree = "<group>"; };
		A7E6E66D1477FD8F0037750E /* FPTextureArray.h */ = {isa = PBXFileReference; fileEncoding = 4; lastKnownFileType = sourcecode.c.h; name = FPTextureArray.h; path = ../../SharedClasses/FPTextureArray.h; sourceTree = "<group>"; };
		A7E6E66E1477FD8F0037750E /* FPTextureArray.m */ = {isa = PBXFileReference; fileEncoding = 4; lastKnownFileType = sourcecode.c.objc; name = FPTextureArray.m; path = ../../SharedClasses/FPTextureArray.m; sourceTree = "<group>"; };
		A7E6E66F1477FD8F0037750E /* FPTextureAtlas.h */ = {isa = PBXFileReference; fileEncoding = 4; lastKnownFileType = sourcecode.c.h; name = FPTextureAtlas.h; path = ../../SharedClasses/FPTextureAtlas.h; sourceTree = "<group>"; };
		A7E6E6701477FD8F0037750E /* FPTextureAtlas.m */ = {isa = PBXFileReference; fileEncoding = 4; lastKnownFileType = sourcecode.c.objc; name = FPTextureAtlas.m; path = ../../SharedClasses/FPTextureAtlas.m; sourceTree = "<group>"; };
		A7E6E6711477FD8F0037750E /* FPTrampoline.h */ = {isa = PBXFileReference; fileEncoding = 4; lastKnownFileType = sourcecode.c.h; name = FPTrampoline.h; path = ../../SharedClasses/FPTrampoline.h; sourceTree = "<group>"; };
		A7E6E6721477FD8F0037750E /* FPTrampoline.m */ = {isa = PBXFileReference; fileEncoding = 4; lastKnownFileType = sourcecode.c.objc; name = FPTrampoline.m; path = ../../SharedClasses/FPTrampoline.m; sourceTree = "<group>"; };
		A7E6E6731477FD8F0037750E /* FPXMLParser.h */ = {isa = PBXFileReference; fileEncoding = 4; lastKnownFileType = sourcecode.c.h; name = FPXMLParser.h; path = ../../SharedClasses/FPXMLParser.h; sourceTree = "<group>"; };
		A7E6E6741477FD8F0037750E /* FPXMLParser.m */ = {isa = PBXFileReference; fileEncoding = 4; lastKnownFileType = sourcecode.c.objc; name = FPXMLParser.m; path = ../../SharedClasses/FPXMLParser.m; sourceTree = "<group>"; };
		A7E6E6751477FD8F0037750E /* FPXMLWriter.h */ = {isa = PBXFileReference; fileEncoding = 4; lastKnownFileType = sourcecode.c.h; name = FPXMLWriter.h; path = ../../SharedClasses/FPXMLWriter.h; sourceTree = "<group>"; };
		A7E6E6761477FD8F0037750E /* FPXMLWriter.m */ = {isa = PBXFileReference; fileEncoding = 4; lastKnownFileType = sourcecode.c.objc; name = FPXMLWriter.m; path = ../../SharedClasses/FPXMLWriter.m; sourceTree = "<group>"; };
		A7E6E6A71477FFF50037750E /* en */ = {isa = PBXFileReference; lastKnownFileType = file.xib; name = en; path = en.lproj/MainWindow.xib; sourceTree = "<group>"; };
		A7E6E6A91478063A0037750E /* QuartzCore.framework */ = {isa = PBXFileReference; lastKnownFileType = wrapper.framework; name = QuartzCore.framework; path = System/Library/Frameworks/QuartzCore.framework; sourceTree = SDKROOT; };
		A7E6E6E51478069D0037750E /* AndaleMono.png */ = {isa = PBXFileReference; lastKnownFileType = image.png; name = AndaleMono.png; path = Images/AndaleMono.png; sourceTree = "<group>"; };
		A7E6E6E61478069D0037750E /* arrow.png */ = {isa = PBXFileReference; lastKnownFileType = image.png; name = arrow.png; path = Images/arrow.png; sourceTree = "<group>"; };
		A7E6E6E71478069D0037750E /* Level_black.png */ = {isa = PBXFileReference; lastKnownFileType = image.png; name = Level_black.png; path = Images/Level_black.png; sourceTree = "<group>"; };
		A7E6E6E81478069D0037750E /* Level_blue.png */ = {isa = PBXFileReference; lastKnownFileType = image.png; name = Level_blue.png; path = Images/Level_blue.png; sourceTree = "<group>"; };
		A7E6E6E91478069D0037750E /* Level_shine.png */ = {isa = PBXFileReference; lastKnownFileType = image.png; name = Level_shine.png; path = Images/Level_shine.png; sourceTree = "<group>"; };
		A7E6E6EA1478069D0037750E /* levelatlas.png */ = {isa = PBXFileReference; lastKnownFileType = image.png; name = levelatlas.png; path = Images/levelatlas.png; sourceTree = "<group>"; };
		A7E6E6EB1478069D0037750E /* menu.png */ = {isa = PBXFileReference; lastKnownFileType = image.png; name = menu.png; path = Images/menu.png; sourceTree = "<group>"; };
		A7E6E6EC1478069D0037750E /* play.png */ = {isa = PBXFileReference; lastKnownFileType = image.png; name = play.png; path = Images/play.png; sourceTree = "<group>"; };
		A7E6E6ED1478069D0037750E /* win.png */ = {isa = PBXFileReference; lastKnownFileType = image.png; name = win.png; path = Images/win.png; sourceTree = "<group>"; };
		A7E6E6F7147806D90037750E /* Default.png */ = {isa = PBXFileReference; lastKnownFileType = image.png; path = Default.png; sourceTree = "<group>"; };
		A7E6E6F8147806D90037750E /* Icon.png */ = {isa = PBXFileReference; lastKnownFileType = image.png; path = Icon.png; sourceTree = "<group>"; };
/* End PBXFileReference section */

/* Begin PBXFrameworksBuildPhase section */
		A7E6E6121477FBF50037750E /* Frameworks */ = {
			isa = PBXFrameworksBuildPhase;
			buildActionMask = 2147483647;
			files = (
				A76FCE58148C198B00B6B2A1 /* GLKit.framework in Frameworks */,
				A7E6E6AA1478063A0037750E /* QuartzCore.framework in Frameworks */,
				A7E6E61A1477FBF50037750E /* UIKit.framework in Frameworks */,
				A7E6E61C1477FBF50037750E /* Foundation.framework in Frameworks */,
				A7E6E61E1477FBF50037750E /* CoreGraphics.framework in Frameworks */,
				A7E6E6221477FBF50037750E /* OpenGLES.framework in Frameworks */,
			);
			runOnlyForDeploymentPostprocessing = 0;
		};
/* End PBXFrameworksBuildPhase section */

/* Begin PBXGroup section */
		A774F3E9147AE96D00C6D8CD /* SharedImages */ = {
			isa = PBXGroup;
			children = (
				A7C2839B14A651970049FCAD /* green.png */,
				A7C2838D14A637340049FCAD /* T_01.png */,
				A7C2838E14A637340049FCAD /* T_02.png */,
				A7C2838F14A637340049FCAD /* T_03.png */,
				A7ACD61314A284FF002739C3 /* WD_01.png */,
				A7ACD61414A284FF002739C3 /* WD_02.png */,
				A7ACD61514A284FF002739C3 /* WD_03.png */,
				A7D97D0B149E1A500011A868 /* DD_01.png */,
				A7D97D0C149E1A500011A868 /* DD_02.png */,
				A7D97D0D149E1A500011A868 /* DD_03.png */,
				A7D97D0E149E1A500011A868 /* DH_03.png */,
				A7D5A80B1493CB2C006D7BEB /* D_01.png */,
				A7D5A80C1493CB2C006D7BEB /* D_02.png */,
				A7D5A80D1493CB2C006D7BEB /* D_03.png */,
				A7D5A80E1493CB2C006D7BEB /* D_04.png */,
				A7D5A80F1493CB2C006D7BEB /* DH_01.png */,
				A7D5A8101493CB2C006D7BEB /* DH_02.png */,
				A774F3EB147AE99A00C6D8CD /* W_01.png */,
				A774F3EC147AE99A00C6D8CD /* W_02.png */,
				A774F3ED147AE99A00C6D8CD /* W_03.png */,
				A774F3EE147AE99A00C6D8CD /* W_04.png */,
				A774F3EF147AE99A00C6D8CD /* WJ_01.png */,
				A774F3F0147AE99A00C6D8CD /* WJ_02.png */,
			);
			name = SharedImages;
			sourceTree = "<group>";
		};
		A7E6E60A1477FBF40037750E = {
			isa = PBXGroup;
			children = (
				A7E6E6231477FBF50037750E /* GreenFace */,
				A7E6E6181477FBF50037750E /* Frameworks */,
				A7E6E6161477FBF50037750E /* Products */,
			);
			sourceTree = "<group>";
		};
		A7E6E6161477FBF50037750E /* Products */ = {
			isa = PBXGroup;
			children = (
				A7E6E6151477FBF50037750E /* GreenFace.app */,
			);
			name = Products;
			sourceTree = "<group>";
		};
		A7E6E6181477FBF50037750E /* Frameworks */ = {
			isa = PBXGroup;
			children = (
				A76FCE57148C198B00B6B2A1 /* GLKit.framework */,
				A7E6E6A91478063A0037750E /* QuartzCore.framework */,
				A7E6E6191477FBF50037750E /* UIKit.framework */,
				A7E6E61B1477FBF50037750E /* Foundation.framework */,
				A7E6E61D1477FBF50037750E /* CoreGraphics.framework */,
				A7E6E6211477FBF50037750E /* OpenGLES.framework */,
			);
			name = Frameworks;
			sourceTree = "<group>";
		};
		A7E6E6231477FBF50037750E /* GreenFace */ = {
			isa = PBXGroup;
			children = (
				A7E6E6F9147806D90037750E /* Levels */,
				A7E6E6451477FD840037750E /* Images */,
				A774F3E9147AE96D00C6D8CD /* SharedImages */,
				A7E6E6441477FD790037750E /* SharedClasses */,
				A72A35841494DEA600216F6B /* GFLevelName.h */,
				A72A35851494DEA600216F6B /* GFLevelName.m */,
				A7395315148BD55C009AA9BA /* GFLevelsViewController.h */,
				A7395316148BD55C009AA9BA /* GFLevelsViewController.m */,
				A78808C8148D7B970034951A /* GFWebLevelsViewController.h */,
				A78808C9148D7B970034951A /* GFWebLevelsViewController.m */,
				A764AEDF148BE91A00A18E09 /* GFGameViewController.h */,
				A764AEE0148BE91A00A18E09 /* GFGameViewController.m */,
				A764AEE1148BE91A00A18E09 /* GFGameViewController.xib */,
				A7E6E6401477FD620037750E /* IronJumpAppDelegate.h */,
				A7E6E6411477FD620037750E /* IronJumpAppDelegate.m */,
				A7E6E6A61477FFF50037750E /* MainWindow.xib */,
				A7E6E6241477FBF50037750E /* Supporting Files */,
			);
			path = GreenFace;
			sourceTree = "<group>";
		};
		A7E6E6241477FBF50037750E /* Supporting Files */ = {
			isa = PBXGroup;
			children = (
				A7E6E6F7147806D90037750E /* Default.png */,
				A7E6E6F8147806D90037750E /* Icon.png */,
				A7E6E6251477FBF50037750E /* GreenFace-Info.plist */,
				A7E6E6261477FBF50037750E /* InfoPlist.strings */,
				A7E6E6291477FBF50037750E /* main.m */,
				A7E6E62B1477FBF50037750E /* GreenFace-Prefix.pch */,
			);
			name = "Supporting Files";
			sourceTree = "<group>";
		};
		A7E6E6441477FD790037750E /* SharedClasses */ = {
			isa = PBXGroup;
			children = (
				A7C2839814A637A00049FCAD /* GFTurret.h */,
				A7C2839914A637A00049FCAD /* GFTurret.m */,
				A7D35F5D14937DE20087A7E7 /* GFSoldier.h */,
				A7D35F5E14937DE20087A7E7 /* GFSoldier.m */,
				A7E6E6461477FD8F0037750E /* FPDiamond.h */,
				A7E6E6471477FD8F0037750E /* FPDiamond.m */,
				A7E6E6481477FD8F0037750E /* FPElevator.h */,
				A7E6E6491477FD8F0037750E /* FPElevator.m */,
				A7E6E64A1477FD8F0037750E /* FPExit.h */,
				A7E6E64B1477FD8F0037750E /* FPExit.m */,
				A7E6E64E1477FD8F0037750E /* FPFont.h */,
				A7E6E64F1477FD8F0037750E /* FPFont.m */,
				A7E6E6501477FD8F0037750E /* FPGame.h */,
				A7E6E6511477FD8F0037750E /* FPGame.m */,
				A7E6E6521477FD8F0037750E /* FPGameAtlas.h */,
				A7E6E6531477FD8F0037750E /* FPGameAtlas.m */,
				A7E6E6541477FD8F0037750E /* FPGameProtocols.h */,
				A7E6E6571477FD8F0037750E /* FPGraphics.h */,
				A7E6E6581477FD8F0037750E /* FPGraphics.m */,
				A7E6E65B1477FD8F0037750E /* FPMagnet.h */,
				A7E6E65C1477FD8F0037750E /* FPMagnet.m */,
				A7E6E65D1477FD8F0037750E /* FPMath.c */,
				A7E6E65E1477FD8F0037750E /* FPMath.h */,
				A7E6E65F1477FD8F0037750E /* FPMovablePlatform.h */,
				A7E6E6601477FD8F0037750E /* FPMovablePlatform.m */,
				A7E6E6611477FD8F0037750E /* FPPlatform.h */,
				A7E6E6621477FD8F0037750E /* FPPlatform.m */,
				A7E6E6631477FD8F0037750E /* FPPlayer.h */,
				A7E6E6641477FD8F0037750E /* FPPlayer.m */,
				A7E6E6651477FD8F0037750E /* FPReplay.h */,
				A7E6E6661477FD8F0037750E /* FPReplay.m */,
				A7E6E6671477FD8F0037750E /* FPSpeedPowerUp.h */,
				A7E6E6681477FD8F0037750E /* FPSpeedPowerUp.m */,
				A7E6E66B1477FD8F0037750E /* FPTexture.h */,
				A7E6E66C1477FD8F0037750E /* FPTexture.m */,
				A7E6E66D1477FD8F0037750E /* FPTextureArray.h */,
				A7E6E66E1477FD8F0037750E /* FPTextureArray.m */,
				A7E6E66F1477FD8F0037750E /* FPTextureAtlas.h */,
				A7E6E6701477FD8F0037750E /* FPTextureAtlas.m */,
				A7E6E6711477FD8F0037750E /* FPTrampoline.h */,
				A7E6E6721477FD8F0037750E /* FPTrampoline.m */,
				A7E6E6731477FD8F0037750E /* FPXMLParser.h */,
				A7E6E6741477FD8F0037750E /* FPXMLParser.m */,
				A7E6E6751477FD8F0037750E /* FPXMLWriter.h */,
				A7E6E6761477FD8F0037750E /* FPXMLWriter.m */,
			);
			name = SharedClasses;
			sourceTree = "<group>";
		};
		A7E6E6451477FD840037750E /* Images */ = {
			isa = PBXGroup;
			children = (
				A7E6E6E51478069D0037750E /* AndaleMono.png */,
				A7E6E6E61478069D0037750E /* arrow.png */,
				A7E6E6E71478069D0037750E /* Level_black.png */,
				A7E6E6E81478069D0037750E /* Level_blue.png */,
				A7E6E6E91478069D0037750E /* Level_shine.png */,
				A7E6E6EA1478069D0037750E /* levelatlas.png */,
				A7E6E6EB1478069D0037750E /* menu.png */,
				A7E6E6EC1478069D0037750E /* play.png */,
				A7E6E6ED1478069D0037750E /* win.png */,
			);
			name = Images;
			sourceTree = "<group>";
		};
		A7E6E6F9147806D90037750E /* Levels */ = {
			isa = PBXGroup;
			children = (
				A7D97D08149E1A180011A868 /* Soldiers.greenlevel */,
				A774F403147B0B1F00C6D8CD /* Jump.greenlevel */,
				A76664D214784E3D002A4159 /* Puzzle.greenlevel */,
				A76664CF147847B5002A4159 /* Tutorial.greenlevel */,
			);
			path = Levels;
			sourceTree = "<group>";
		};
/* End PBXGroup section */

/* Begin PBXNativeTarget section */
		A7E6E6141477FBF50037750E /* GreenFace */ = {
			isa = PBXNativeTarget;
			buildConfigurationList = A7E6E63B1477FBF50037750E /* Build configuration list for PBXNativeTarget "GreenFace" */;
			buildPhases = (
				A7E6E6111477FBF50037750E /* Sources */,
				A7E6E6121477FBF50037750E /* Frameworks */,
				A7E6E6131477FBF50037750E /* Resources */,
			);
			buildRules = (
			);
			dependencies = (
			);
			name = GreenFace;
			productName = GreenFace;
			productReference = A7E6E6151477FBF50037750E /* GreenFace.app */;
			productType = "com.apple.product-type.application";
		};
/* End PBXNativeTarget section */

/* Begin PBXProject section */
		A7E6E60C1477FBF40037750E /* Project object */ = {
			isa = PBXProject;
			attributes = {
				LastUpgradeCheck = 0420;
				ORGANIZATIONNAME = "Filip Kunc";
			};
			buildConfigurationList = A7E6E60F1477FBF40037750E /* Build configuration list for PBXProject "GreenFace" */;
			compatibilityVersion = "Xcode 3.2";
			developmentRegion = English;
			hasScannedForEncodings = 0;
			knownRegions = (
				en,
			);
			mainGroup = A7E6E60A1477FBF40037750E;
			productRefGroup = A7E6E6161477FBF50037750E /* Products */;
			projectDirPath = "";
			projectRoot = "";
			targets = (
				A7E6E6141477FBF50037750E /* GreenFace */,
			);
		};
/* End PBXProject section */

/* Begin PBXResourcesBuildPhase section */
		A7E6E6131477FBF50037750E /* Resources */ = {
			isa = PBXResourcesBuildPhase;
			buildActionMask = 2147483647;
			files = (
				A7E6E6281477FBF50037750E /* InfoPlist.strings in Resources */,
				A7E6E6A81477FFF50037750E /* MainWindow.xib in Resources */,
				A7E6E6EE1478069D0037750E /* AndaleMono.png in Resources */,
				A7E6E6EF1478069D0037750E /* arrow.png in Resources */,
				A7E6E6F01478069D0037750E /* Level_black.png in Resources */,
				A7E6E6F11478069D0037750E /* Level_blue.png in Resources */,
				A7E6E6F21478069D0037750E /* Level_shine.png in Resources */,
				A7E6E6F31478069D0037750E /* levelatlas.png in Resources */,
				A7E6E6F41478069D0037750E /* menu.png in Resources */,
				A7E6E6F51478069D0037750E /* play.png in Resources */,
				A7E6E6F61478069D0037750E /* win.png in Resources */,
				A7E6E71D147806D90037750E /* Default.png in Resources */,
				A7E6E71E147806D90037750E /* Icon.png in Resources */,
				A76664D1147847B5002A4159 /* Tutorial.greenlevel in Resources */,
				A76664D314784E3D002A4159 /* Puzzle.greenlevel in Resources */,
				A774F3F1147AE99A00C6D8CD /* W_01.png in Resources */,
				A774F3F2147AE99A00C6D8CD /* W_02.png in Resources */,
				A774F3F3147AE99A00C6D8CD /* W_03.png in Resources */,
				A774F3F4147AE99A00C6D8CD /* W_04.png in Resources */,
				A774F3F5147AE99A00C6D8CD /* WJ_01.png in Resources */,
				A774F3F6147AE99A00C6D8CD /* WJ_02.png in Resources */,
				A774F404147B0B1F00C6D8CD /* Jump.greenlevel in Resources */,
				A764AEE3148BE91A00A18E09 /* GFGameViewController.xib in Resources */,
				A7D5A8111493CB2C006D7BEB /* D_01.png in Resources */,
				A7D5A8121493CB2C006D7BEB /* D_02.png in Resources */,
				A7D5A8131493CB2C006D7BEB /* D_03.png in Resources */,
				A7D5A8141493CB2C006D7BEB /* D_04.png in Resources */,
				A7D5A8151493CB2C006D7BEB /* DH_01.png in Resources */,
				A7D5A8161493CB2C006D7BEB /* DH_02.png in Resources */,
				A7D97D09149E1A180011A868 /* Soldiers.greenlevel in Resources */,
				A7D97D0F149E1A500011A868 /* DD_01.png in Resources */,
				A7D97D10149E1A500011A868 /* DD_02.png in Resources */,
				A7D97D11149E1A500011A868 /* DD_03.png in Resources */,
				A7D97D12149E1A500011A868 /* DH_03.png in Resources */,
				A7ACD61614A284FF002739C3 /* WD_01.png in Resources */,
				A7ACD61714A284FF002739C3 /* WD_02.png in Resources */,
				A7ACD61814A284FF002739C3 /* WD_03.png in Resources */,
				A7C2839114A637340049FCAD /* T_01.png in Resources */,
				A7C2839214A637340049FCAD /* T_02.png in Resources */,
				A7C2839314A637340049FCAD /* T_03.png in Resources */,
				A7C2839C14A651970049FCAD /* green.png in Resources */,
			);
			runOnlyForDeploymentPostprocessing = 0;
		};
/* End PBXResourcesBuildPhase section */

/* Begin PBXSourcesBuildPhase section */
		A7E6E6111477FBF50037750E /* Sources */ = {
			isa = PBXSourcesBuildPhase;
			buildActionMask = 2147483647;
			files = (
				A7E6E62A1477FBF50037750E /* main.m in Sources */,
				A7E6E6431477FD620037750E /* IronJumpAppDelegate.m in Sources */,
				A7E6E6791477FD900037750E /* FPDiamond.m in Sources */,
				A7E6E67A1477FD900037750E /* FPElevator.m in Sources */,
				A7E6E67B1477FD900037750E /* FPExit.m in Sources */,
				A7E6E67D1477FD900037750E /* FPFont.m in Sources */,
				A7E6E67E1477FD900037750E /* FPGame.m in Sources */,
				A7E6E67F1477FD900037750E /* FPGameAtlas.m in Sources */,
				A7E6E6811477FD900037750E /* FPGraphics.m in Sources */,
				A7E6E6831477FD900037750E /* FPMagnet.m in Sources */,
				A7E6E6841477FD900037750E /* FPMath.c in Sources */,
				A7E6E6851477FD900037750E /* FPMovablePlatform.m in Sources */,
				A7E6E6861477FD900037750E /* FPPlatform.m in Sources */,
				A7E6E6871477FD900037750E /* FPPlayer.m in Sources */,
				A7E6E6881477FD900037750E /* FPReplay.m in Sources */,
				A7E6E6891477FD900037750E /* FPSpeedPowerUp.m in Sources */,
				A7E6E68B1477FD900037750E /* FPTexture.m in Sources */,
				A7E6E68C1477FD900037750E /* FPTextureArray.m in Sources */,
				A7E6E68D1477FD900037750E /* FPTextureAtlas.m in Sources */,
				A7E6E68E1477FD900037750E /* FPTrampoline.m in Sources */,
				A7E6E68F1477FD900037750E /* FPXMLParser.m in Sources */,
				A7E6E6901477FD900037750E /* FPXMLWriter.m in Sources */,
				A7395317148BD55C009AA9BA /* GFLevelsViewController.m in Sources */,
				A764AEE2148BE91A00A18E09 /* GFGameViewController.m in Sources */,
				A78808CA148D7B970034951A /* GFWebLevelsViewController.m in Sources */,
				A7D35F5F14937DE20087A7E7 /* GFSoldier.m in Sources */,
				A72A35861494DEA600216F6B /* GFLevelName.m in Sources */,
				A7C2839A14A637A00049FCAD /* GFTurret.m in Sources */,
			);
			runOnlyForDeploymentPostprocessing = 0;
		};
/* End PBXSourcesBuildPhase section */

/* Begin PBXVariantGroup section */
		A7E6E6261477FBF50037750E /* InfoPlist.strings */ = {
			isa = PBXVariantGroup;
			children = (
				A7E6E6271477FBF50037750E /* en */,
			);
			name = InfoPlist.strings;
			sourceTree = "<group>";
		};
		A7E6E6A61477FFF50037750E /* MainWindow.xib */ = {
			isa = PBXVariantGroup;
			children = (
				A7E6E6A71477FFF50037750E /* en */,
			);
			name = MainWindow.xib;
			sourceTree = "<group>";
		};
/* End PBXVariantGroup section */

/* Begin XCBuildConfiguration section */
		A7E6E6391477FBF50037750E /* Debug */ = {
			isa = XCBuildConfiguration;
			buildSettings = {
				ALWAYS_SEARCH_USER_PATHS = NO;
				ARCHS = "$(ARCHS_STANDARD_32_BIT)";
				CLANG_ENABLE_OBJC_ARC = YES;
				"CODE_SIGN_IDENTITY[sdk=iphoneos*]" = "iPhone Developer";
				COPY_PHASE_STRIP = NO;
				GCC_C_LANGUAGE_STANDARD = gnu99;
				GCC_DYNAMIC_NO_PIC = NO;
				GCC_OPTIMIZATION_LEVEL = 0;
				GCC_PREPROCESSOR_DEFINITIONS = (
					"DEBUG=1",
					"$(inherited)",
				);
				GCC_SYMBOLS_PRIVATE_EXTERN = NO;
				GCC_VERSION = com.apple.compilers.llvm.clang.1_0;
				GCC_WARN_ABOUT_MISSING_PROTOTYPES = YES;
				GCC_WARN_ABOUT_RETURN_TYPE = YES;
				GCC_WARN_UNUSED_VARIABLE = YES;
				IPHONEOS_DEPLOYMENT_TARGET = 5.0;
				SDKROOT = iphoneos;
			};
			name = Debug;
		};
		A7E6E63A1477FBF50037750E /* Release */ = {
			isa = XCBuildConfiguration;
			buildSettings = {
				ALWAYS_SEARCH_USER_PATHS = NO;
				ARCHS = "$(ARCHS_STANDARD_32_BIT)";
				CLANG_ENABLE_OBJC_ARC = YES;
				"CODE_SIGN_IDENTITY[sdk=iphoneos*]" = "iPhone Developer";
				COPY_PHASE_STRIP = YES;
				GCC_C_LANGUAGE_STANDARD = gnu99;
				GCC_VERSION = com.apple.compilers.llvm.clang.1_0;
				GCC_WARN_ABOUT_MISSING_PROTOTYPES = YES;
				GCC_WARN_ABOUT_RETURN_TYPE = YES;
				GCC_WARN_UNUSED_VARIABLE = YES;
				IPHONEOS_DEPLOYMENT_TARGET = 5.0;
				OTHER_CFLAGS = "-DNS_BLOCK_ASSERTIONS=1";
				SDKROOT = iphoneos;
				VALIDATE_PRODUCT = YES;
			};
			name = Release;
		};
		A7E6E63C1477FBF50037750E /* Debug */ = {
			isa = XCBuildConfiguration;
			buildSettings = {
				CLANG_ENABLE_OBJC_ARC = YES;
				GCC_PRECOMPILE_PREFIX_HEADER = YES;
				GCC_PREFIX_HEADER = "GreenFace/GreenFace-Prefix.pch";
				"GCC_THUMB_SUPPORT[arch=armv6]" = "";
				INFOPLIST_FILE = "GreenFace/GreenFace-Info.plist";
				IPHONEOS_DEPLOYMENT_TARGET = 5.0;
				PRODUCT_NAME = "$(TARGET_NAME)";
				WRAPPER_EXTENSION = app;
			};
			name = Debug;
		};
		A7E6E63D1477FBF50037750E /* Release */ = {
			isa = XCBuildConfiguration;
			buildSettings = {
				CLANG_ENABLE_OBJC_ARC = YES;
				GCC_PRECOMPILE_PREFIX_HEADER = YES;
				GCC_PREFIX_HEADER = "GreenFace/GreenFace-Prefix.pch";
				"GCC_THUMB_SUPPORT[arch=armv6]" = "";
				INFOPLIST_FILE = "GreenFace/GreenFace-Info.plist";
				IPHONEOS_DEPLOYMENT_TARGET = 5.0;
				PRODUCT_NAME = "$(TARGET_NAME)";
				WRAPPER_EXTENSION = app;
			};
			name = Release;
		};
/* End XCBuildConfiguration section */

/* Begin XCConfigurationList section */
		A7E6E60F1477FBF40037750E /* Build configuration list for PBXProject "GreenFace" */ = {
			isa = XCConfigurationList;
			buildConfigurations = (
				A7E6E6391477FBF50037750E /* Debug */,
				A7E6E63A1477FBF50037750E /* Release */,
			);
			defaultConfigurationIsVisible = 0;
			defaultConfigurationName = Release;
		};
		A7E6E63B1477FBF50037750E /* Build configuration list for PBXNativeTarget "GreenFace" */ = {
			isa = XCConfigurationList;
			buildConfigurations = (
				A7E6E63C1477FBF50037750E /* Debug */,
				A7E6E63D1477FBF50037750E /* Release */,
			);
			defaultConfigurationIsVisible = 0;
			defaultConfigurationName = Release;
		};
/* End XCConfigurationList section */
	};
	rootObject = A7E6E60C1477FBF40037750E /* Project object */;
}
